
Microsoft Visual Studio Solution File, Format Version 12.00
# Visual Studio Version 17
VisualStudioVersion = 17.1.32407.343
MinimumVisualStudioVersion = 10.0.40219.1
Project("{FAE04EC0-301F-11D3-BF4B-00C04F79EFBC}") = "Algoritma", "Algoritma\Algoritma.csproj", "{C833CF6D-C943-496A-968F-0A732900EC9C}"
EndProject
Global
	GlobalSection(SolutionConfigurationPlatforms) = preSolution
		Debug|Any CPU = Debug|Any CPU
		Release|Any CPU = Release|Any CPU
	EndGlobalSection
	GlobalSection(ProjectConfigurationPlatforms) = postSolution
		{C833CF6D-C943-496A-968F-0A732900EC9C}.Debug|Any CPU.ActiveCfg = Debug|Any CPU
		{C833CF6D-C943-496A-968F-0A732900EC9C}.Debug|Any CPU.Build.0 = Debug|Any CPU
		{C833CF6D-C943-496A-968F-0A732900EC9C}.Release|Any CPU.ActiveCfg = Release|Any CPU
		{C833CF6D-C943-496A-968F-0A732900EC9C}.Release|Any CPU.Build.0 = Release|Any CPU
	EndGlobalSection
	GlobalSection(SolutionProperties) = preSolution
		HideSolutionNode = FALSE
	EndGlobalSection
	GlobalSection(ExtensibilityGlobals) = postSolution
		SolutionGuid = {CA4907F1-BB24-4252-B6E2-220CB69D9BD1}
	EndGlobalSection
EndGlobal
